
Microsoft Visual Studio Solution File, Format Version 12.00
# Visual Studio Version 17
VisualStudioVersion = 17.0.32112.339
MinimumVisualStudioVersion = 10.0.40219.1
Project("{FAE04EC0-301F-11D3-BF4B-00C04F79EFBC}") = "Day2MorningProject1", "Day2MorningProject1\Day2MorningProject1.csproj", "{B00F7832-E842-457C-83AB-FFB222CDF1FC}"
EndProject
Global
	GlobalSection(SolutionConfigurationPlatforms) = preSolution
		Debug|Any CPU = Debug|Any CPU
		Release|Any CPU = Release|Any CPU
	EndGlobalSection
	GlobalSection(ProjectConfigurationPlatforms) = postSolution
		{B00F7832-E842-457C-83AB-FFB222CDF1FC}.Debug|Any CPU.ActiveCfg = Debug|Any CPU
		{B00F7832-E842-457C-83AB-FFB222CDF1FC}.Debug|Any CPU.Build.0 = Debug|Any CPU
		{B00F7832-E842-457C-83AB-FFB222CDF1FC}.Release|Any CPU.ActiveCfg = Release|Any CPU
		{B00F7832-E842-457C-83AB-FFB222CDF1FC}.Release|Any CPU.Build.0 = Release|Any CPU
	EndGlobalSection
	GlobalSection(SolutionProperties) = preSolution
		HideSolutionNode = FALSE
	EndGlobalSection
	GlobalSection(ExtensibilityGlobals) = postSolution
		SolutionGuid = {E9DBDF18-5CF8-46A7-9A87-4262B83D2CBE}
	EndGlobalSection
EndGlobal
